# This file was autogenerated by Stack.
# You should not edit this file by hand.
# For more information, please see the documentation at:
#   https://docs.haskellstack.org/en/stable/lock_files

packages:
- completed:
    hackage: downloader-0.1.0.1@sha256:97afbcd5b92087a2f9c0d9fb47c465e863465f531d0ce8a3ae4e4c454d22ef36,1377
    pantry-tree:
      size: 399
      sha256: 8d2a7412b2f8324017e22023586b4a8f8a3f8e0379d882cfd966e464ab50c575
  original:
    hackage: downloader-0.1.0.1
snapshots:
- completed:
    size: 491372
    url: https://raw.githubusercontent.com/commercialhaskell/stackage-snapshots/master/lts/15/2.yaml
    sha256: a98d091d911606d0d8adccbeb811b81bbd8cc2d888f99ef9e273350e8e9692a8
  original: lts-15.2
